// !$*UTF8*$!
{
	archiveVersion = 1;
	classes = {
	};
	objectVersion = 45;
	objects = {

/* Begin PBXBuildFile section */
		03E5AB5B1420467D003A7F95 /* MiniGraphicsTools.c in Sources */ = {isa = PBXBuildFile; fileRef = 03E5AB5A1420467D003A7F95 /* MiniGraphicsTools.c */; };
		1DDD58160DA1D0A300B32029 /* MainMenu.xib in Resources */ = {isa = PBXBuildFile; fileRef = 1DDD58140DA1D0A300B32029 /* MainMenu.xib */; };
		256AC3DA0F4B6AC300CF3369 /* PS3EyeWindowAppDelegate.m in Sources */ = {isa = PBXBuildFile; fileRef = 256AC3D90F4B6AC300CF3369 /* PS3EyeWindowAppDelegate.m */; };
		3418AA5A141FFA49002D5B0F /* MyCameraCentral.m in Sources */ = {isa = PBXBuildFile; fileRef = 3418AA59141FFA49002D5B0F /* MyCameraCentral.m */; };
		3418AA65141FFB03002D5B0F /* MyCameraDriver.m in Sources */ = {isa = PBXBuildFile; fileRef = 3418AA62141FFB03002D5B0F /* MyCameraDriver.m */; };
		3418AA66141FFB03002D5B0F /* MyCameraInfo.m in Sources */ = {isa = PBXBuildFile; fileRef = 3418AA64141FFB03002D5B0F /* MyCameraInfo.m */; };
		3418AA7E141FFB82002D5B0F /* OV534Driver.m in Sources */ = {isa = PBXBuildFile; fileRef = 3418AA7D141FFB82002D5B0F /* OV534Driver.m */; };
		3418AA81141FFB8D002D5B0F /* GenericDriver.m in Sources */ = {isa = PBXBuildFile; fileRef = 3418AA80141FFB8D002D5B0F /* GenericDriver.m */; };
		3418AA99141FFCD7002D5B0F /* MiscTools.c in Sources */ = {isa = PBXBuildFile; fileRef = 3418AA98141FFCD7002D5B0F /* MiscTools.c */; };
		3418AAAF141FFD46002D5B0F /* ControllerInterface.m in Sources */ = {isa = PBXBuildFile; fileRef = 3418AAAE141FFD46002D5B0F /* ControllerInterface.m */; };
		3418AAB8141FFDD5002D5B0F /* BayerConverter.m in Sources */ = {isa = PBXBuildFile; fileRef = 3418AAB7141FFDD5002D5B0F /* BayerConverter.m */; };
		3418AABF141FFE51002D5B0F /* LookUpTable.m in Sources */ = {isa = PBXBuildFile; fileRef = 3418AABE141FFE51002D5B0F /* LookUpTable.m */; };
		3418AAC6141FFE86002D5B0F /* Histogram.m in Sources */ = {isa = PBXBuildFile; fileRef = 3418AAC5141FFE86002D5B0F /* Histogram.m */; };
		3418AACD141FFE9B002D5B0F /* AGC.m in Sources */ = {isa = PBXBuildFile; fileRef = 3418AACC141FFE9B002D5B0F /* AGC.m */; };
		3418AAD4141FFEC0002D5B0F /* FrameCounter.m in Sources */ = {isa = PBXBuildFile; fileRef = 3418AAD3141FFEC0002D5B0F /* FrameCounter.m */; };
		3418AAD9141FFED5002D5B0F /* Resolvers.c in Sources */ = {isa = PBXBuildFile; fileRef = 3418AAD8141FFED5002D5B0F /* Resolvers.c */; };
		3418AAE7141FFEEA002D5B0F /* Sensor.m in Sources */ = {isa = PBXBuildFile; fileRef = 3418AAE6141FFEEA002D5B0F /* Sensor.m */; };
		3418AAF0141FFF20002D5B0F /* IOKit.framework in Frameworks */ = {isa = PBXBuildFile; fileRef = 3418AAEF141FFF20002D5B0F /* IOKit.framework */; };
		3418AAF9141FFF39002D5B0F /* QuickTime.framework in Frameworks */ = {isa = PBXBuildFile; fileRef = 3418AAF8141FFF39002D5B0F /* QuickTime.framework */; };
		8D11072B0486CEB800E47090 /* InfoPlist.strings in Resources */ = {isa = PBXBuildFile; fileRef = 089C165CFE840E0CC02AAC07 /* InfoPlist.strings */; };
		8D11072D0486CEB800E47090 /* main.m in Sources */ = {isa = PBXBuildFile; fileRef = 29B97316FDCFA39411CA2CEA /* main.m */; settings = {ATTRIBUTES = (); }; };
		8D11072F0486CEB800E47090 /* Cocoa.framework in Frameworks */ = {isa = PBXBuildFile; fileRef = 1058C7A1FEA54F0111CA2CBB /* Cocoa.framework */; };
/* End PBXBuildFile section */

/* Begin PBXFileReference section */
		03E5AB591420467D003A7F95 /* MiniGraphicsTools.h */ = {isa = PBXFileReference; fileEncoding = 4; lastKnownFileType = sourcecode.c.h; path = MiniGraphicsTools.h; sourceTree = "<group>"; };
		03E5AB5A1420467D003A7F95 /* MiniGraphicsTools.c */ = {isa = PBXFileReference; fileEncoding = 4; lastKnownFileType = sourcecode.c.c; path = MiniGraphicsTools.c; sourceTree = "<group>"; };
		089C165DFE840E0CC02AAC07 /* English */ = {isa = PBXFileReference; fileEncoding = 4; lastKnownFileType = text.plist.strings; name = English; path = English.lproj/InfoPlist.strings; sourceTree = "<group>"; };
		1058C7A1FEA54F0111CA2CBB /* Cocoa.framework */ = {isa = PBXFileReference; lastKnownFileType = wrapper.framework; name = Cocoa.framework; path = /System/Library/Frameworks/Cocoa.framework; sourceTree = "<absolute>"; };
		13E42FB307B3F0F600E4EEF1 /* CoreData.framework */ = {isa = PBXFileReference; lastKnownFileType = wrapper.framework; name = CoreData.framework; path = /System/Library/Frameworks/CoreData.framework; sourceTree = "<absolute>"; };
		1DDD58150DA1D0A300B32029 /* English */ = {isa = PBXFileReference; lastKnownFileType = file.xib; name = English; path = English.lproj/MainMenu.xib; sourceTree = "<group>"; };
		256AC3D80F4B6AC300CF3369 /* PS3EyeWindowAppDelegate.h */ = {isa = PBXFileReference; fileEncoding = 4; lastKnownFileType = sourcecode.c.h; path = PS3EyeWindowAppDelegate.h; sourceTree = "<group>"; };
		256AC3D90F4B6AC300CF3369 /* PS3EyeWindowAppDelegate.m */ = {isa = PBXFileReference; fileEncoding = 4; lastKnownFileType = sourcecode.c.objc; path = PS3EyeWindowAppDelegate.m; sourceTree = "<group>"; };
		256AC3F00F4B6AF500CF3369 /* PS3EyeWindow_Prefix.pch */ = {isa = PBXFileReference; fileEncoding = 4; lastKnownFileType = sourcecode.c.h; path = PS3EyeWindow_Prefix.pch; sourceTree = "<group>"; };
		29B97316FDCFA39411CA2CEA /* main.m */ = {isa = PBXFileReference; fileEncoding = 4; lastKnownFileType = sourcecode.c.objc; path = main.m; sourceTree = "<group>"; };
		29B97324FDCFA39411CA2CEA /* AppKit.framework */ = {isa = PBXFileReference; lastKnownFileType = wrapper.framework; name = AppKit.framework; path = /System/Library/Frameworks/AppKit.framework; sourceTree = "<absolute>"; };
		29B97325FDCFA39411CA2CEA /* Foundation.framework */ = {isa = PBXFileReference; lastKnownFileType = wrapper.framework; name = Foundation.framework; path = /System/Library/Frameworks/Foundation.framework; sourceTree = "<absolute>"; };
		3418AA58141FFA49002D5B0F /* MyCameraCentral.h */ = {isa = PBXFileReference; fileEncoding = 4; lastKnownFileType = sourcecode.c.h; path = MyCameraCentral.h; sourceTree = "<group>"; };
		3418AA59141FFA49002D5B0F /* MyCameraCentral.m */ = {isa = PBXFileReference; fileEncoding = 4; lastKnownFileType = sourcecode.c.objc; path = MyCameraCentral.m; sourceTree = "<group>"; };
		3418AA60141FFAEB002D5B0F /* GlobalDefs.h */ = {isa = PBXFileReference; fileEncoding = 4; lastKnownFileType = sourcecode.c.h; path = GlobalDefs.h; sourceTree = "<group>"; };
		3418AA61141FFB03002D5B0F /* MyCameraDriver.h */ = {isa = PBXFileReference; fileEncoding = 4; lastKnownFileType = sourcecode.c.h; path = MyCameraDriver.h; sourceTree = "<group>"; };
		3418AA62141FFB03002D5B0F /* MyCameraDriver.m */ = {isa = PBXFileReference; fileEncoding = 4; lastKnownFileType = sourcecode.c.objc; path = MyCameraDriver.m; sourceTree = "<group>"; };
		3418AA63141FFB03002D5B0F /* MyCameraInfo.h */ = {isa = PBXFileReference; fileEncoding = 4; lastKnownFileType = sourcecode.c.h; path = MyCameraInfo.h; sourceTree = "<group>"; };
		3418AA64141FFB03002D5B0F /* MyCameraInfo.m */ = {isa = PBXFileReference; fileEncoding = 4; lastKnownFileType = sourcecode.c.objc; path = MyCameraInfo.m; sourceTree = "<group>"; };
		3418AA7C141FFB82002D5B0F /* OV534Driver.h */ = {isa = PBXFileReference; fileEncoding = 4; lastKnownFileType = sourcecode.c.h; path = OV534Driver.h; sourceTree = "<group>"; };
		3418AA7D141FFB82002D5B0F /* OV534Driver.m */ = {isa = PBXFileReference; fileEncoding = 4; lastKnownFileType = sourcecode.c.objc; path = OV534Driver.m; sourceTree = "<group>"; };
		3418AA7F141FFB8D002D5B0F /* GenericDriver.h */ = {isa = PBXFileReference; fileEncoding = 4; lastKnownFileType = sourcecode.c.h; path = GenericDriver.h; sourceTree = "<group>"; };
		3418AA80141FFB8D002D5B0F /* GenericDriver.m */ = {isa = PBXFileReference; fileEncoding = 4; lastKnownFileType = sourcecode.c.objc; path = GenericDriver.m; sourceTree = "<group>"; };
		3418AA97141FFCD7002D5B0F /* MiscTools.h */ = {isa = PBXFileReference; fileEncoding = 4; lastKnownFileType = sourcecode.c.h; path = MiscTools.h; sourceTree = "<group>"; };
		3418AA98141FFCD7002D5B0F /* MiscTools.c */ = {isa = PBXFileReference; fileEncoding = 4; lastKnownFileType = sourcecode.c.c; path = MiscTools.c; sourceTree = "<group>"; };
		3418AAAD141FFD46002D5B0F /* ControllerInterface.h */ = {isa = PBXFileReference; fileEncoding = 4; lastKnownFileType = sourcecode.c.h; path = ControllerInterface.h; sourceTree = "<group>"; };
		3418AAAE141FFD46002D5B0F /* ControllerInterface.m */ = {isa = PBXFileReference; fileEncoding = 4; lastKnownFileType = sourcecode.c.objc; path = ControllerInterface.m; sourceTree = "<group>"; };
		3418AAB6141FFDD5002D5B0F /* BayerConverter.h */ = {isa = PBXFileReference; fileEncoding = 4; lastKnownFileType = sourcecode.c.h; path = BayerConverter.h; sourceTree = "<group>"; };
		3418AAB7141FFDD5002D5B0F /* BayerConverter.m */ = {isa = PBXFileReference; fileEncoding = 4; lastKnownFileType = sourcecode.c.objc; path = BayerConverter.m; sourceTree = "<group>"; };
		3418AABD141FFE51002D5B0F /* LookUpTable.h */ = {isa = PBXFileReference; fileEncoding = 4; lastKnownFileType = sourcecode.c.h; path = LookUpTable.h; sourceTree = "<group>"; };
		3418AABE141FFE51002D5B0F /* LookUpTable.m */ = {isa = PBXFileReference; fileEncoding = 4; lastKnownFileType = sourcecode.c.objc; path = LookUpTable.m; sourceTree = "<group>"; };
		3418AAC4141FFE86002D5B0F /* Histogram.h */ = {isa = PBXFileReference; fileEncoding = 4; lastKnownFileType = sourcecode.c.h; path = Histogram.h; sourceTree = "<group>"; };
		3418AAC5141FFE86002D5B0F /* Histogram.m */ = {isa = PBXFileReference; fileEncoding = 4; lastKnownFileType = sourcecode.c.objc; path = Histogram.m; sourceTree = "<group>"; };
		3418AACB141FFE9B002D5B0F /* AGC.h */ = {isa = PBXFileReference; fileEncoding = 4; lastKnownFileType = sourcecode.c.h; path = AGC.h; sourceTree = "<group>"; };
		3418AACC141FFE9B002D5B0F /* AGC.m */ = {isa = PBXFileReference; fileEncoding = 4; lastKnownFileType = sourcecode.c.objc; path = AGC.m; sourceTree = "<group>"; };
		3418AAD2141FFEC0002D5B0F /* FrameCounter.h */ = {isa = PBXFileReference; fileEncoding = 4; lastKnownFileType = sourcecode.c.h; path = FrameCounter.h; sourceTree = "<group>"; };
		3418AAD3141FFEC0002D5B0F /* FrameCounter.m */ = {isa = PBXFileReference; fileEncoding = 4; lastKnownFileType = sourcecode.c.objc; path = FrameCounter.m; sourceTree = "<group>"; };
		3418AAD7141FFED5002D5B0F /* Resolvers.h */ = {isa = PBXFileReference; fileEncoding = 4; lastKnownFileType = sourcecode.c.h; path = Resolvers.h; sourceTree = "<group>"; };
		3418AAD8141FFED5002D5B0F /* Resolvers.c */ = {isa = PBXFileReference; fileEncoding = 4; lastKnownFileType = sourcecode.c.c; path = Resolvers.c; sourceTree = "<group>"; };
		3418AAE5141FFEEA002D5B0F /* Sensor.h */ = {isa = PBXFileReference; fileEncoding = 4; lastKnownFileType = sourcecode.c.h; path = Sensor.h; sourceTree = "<group>"; };
		3418AAE6141FFEEA002D5B0F /* Sensor.m */ = {isa = PBXFileReference; fileEncoding = 4; lastKnownFileType = sourcecode.c.objc; path = Sensor.m; sourceTree = "<group>"; };
		3418AAEF141FFF20002D5B0F /* IOKit.framework */ = {isa = PBXFileReference; lastKnownFileType = wrapper.framework; name = IOKit.framework; path = System/Library/Frameworks/IOKit.framework; sourceTree = SDKROOT; };
		3418AAF8141FFF39002D5B0F /* QuickTime.framework */ = {isa = PBXFileReference; lastKnownFileType = wrapper.framework; name = QuickTime.framework; path = System/Library/Frameworks/QuickTime.framework; sourceTree = SDKROOT; };
		8D1107310486CEB800E47090 /* PS3EyeWindow-Info.plist */ = {isa = PBXFileReference; fileEncoding = 4; lastKnownFileType = text.plist.xml; path = "PS3EyeWindow-Info.plist"; sourceTree = "<group>"; };
		8D1107320486CEB800E47090 /* PS3EyeWindow.app */ = {isa = PBXFileReference; explicitFileType = wrapper.application; includeInIndex = 0; path = PS3EyeWindow.app; sourceTree = BUILT_PRODUCTS_DIR; };
/* End PBXFileReference section */

/* Begin PBXFrameworksBuildPhase section */
		8D11072E0486CEB800E47090 /* Frameworks */ = {
			isa = PBXFrameworksBuildPhase;
			buildActionMask = 2147483647;
			files = (
				8D11072F0486CEB800E47090 /* Cocoa.framework in Frameworks */,
				3418AAF0141FFF20002D5B0F /* IOKit.framework in Frameworks */,
				3418AAF9141FFF39002D5B0F /* QuickTime.framework in Frameworks */,
			);
			runOnlyForDeploymentPostprocessing = 0;
		};
/* End PBXFrameworksBuildPhase section */

/* Begin PBXGroup section */
		080E96DDFE201D6D7F000001 /* Classes */ = {
			isa = PBXGroup;
			children = (
				3418AA57141FFA39002D5B0F /* macam */,
				256AC3D80F4B6AC300CF3369 /* PS3EyeWindowAppDelegate.h */,
				256AC3D90F4B6AC300CF3369 /* PS3EyeWindowAppDelegate.m */,
			);
			name = Classes;
			sourceTree = "<group>";
		};
		1058C7A0FEA54F0111CA2CBB /* Linked Frameworks */ = {
			isa = PBXGroup;
			children = (
				1058C7A1FEA54F0111CA2CBB /* Cocoa.framework */,
			);
			name = "Linked Frameworks";
			sourceTree = "<group>";
		};
		1058C7A2FEA54F0111CA2CBB /* Other Frameworks */ = {
			isa = PBXGroup;
			children = (
				29B97324FDCFA39411CA2CEA /* AppKit.framework */,
				13E42FB307B3F0F600E4EEF1 /* CoreData.framework */,
				29B97325FDCFA39411CA2CEA /* Foundation.framework */,
			);
			name = "Other Frameworks";
			sourceTree = "<group>";
		};
		19C28FACFE9D520D11CA2CBB /* Products */ = {
			isa = PBXGroup;
			children = (
				8D1107320486CEB800E47090 /* PS3EyeWindow.app */,
			);
			name = Products;
			sourceTree = "<group>";
		};
		29B97314FDCFA39411CA2CEA /* PS3EyeWindow */ = {
			isa = PBXGroup;
			children = (
				080E96DDFE201D6D7F000001 /* Classes */,
				29B97315FDCFA39411CA2CEA /* Other Sources */,
				29B97317FDCFA39411CA2CEA /* Resources */,
				29B97323FDCFA39411CA2CEA /* Frameworks */,
				19C28FACFE9D520D11CA2CBB /* Products */,
				3418AAEF141FFF20002D5B0F /* IOKit.framework */,
				3418AAF8141FFF39002D5B0F /* QuickTime.framework */,
			);
			name = PS3EyeWindow;
			sourceTree = "<group>";
		};
		29B97315FDCFA39411CA2CEA /* Other Sources */ = {
			isa = PBXGroup;
			children = (
				256AC3F00F4B6AF500CF3369 /* PS3EyeWindow_Prefix.pch */,
				29B97316FDCFA39411CA2CEA /* main.m */,
			);
			name = "Other Sources";
			sourceTree = "<group>";
		};
		29B97317FDCFA39411CA2CEA /* Resources */ = {
			isa = PBXGroup;
			children = (
				8D1107310486CEB800E47090 /* PS3EyeWindow-Info.plist */,
				089C165CFE840E0CC02AAC07 /* InfoPlist.strings */,
				1DDD58140DA1D0A300B32029 /* MainMenu.xib */,
			);
			name = Resources;
			sourceTree = "<group>";
		};
		29B97323FDCFA39411CA2CEA /* Frameworks */ = {
			isa = PBXGroup;
			children = (
				1058C7A0FEA54F0111CA2CBB /* Linked Frameworks */,
				1058C7A2FEA54F0111CA2CBB /* Other Frameworks */,
			);
			name = Frameworks;
			sourceTree = "<group>";
		};
		3418AA57141FFA39002D5B0F /* macam */ = {
			isa = PBXGroup;
			children = (
				03E5AB591420467D003A7F95 /* MiniGraphicsTools.h */,
				03E5AB5A1420467D003A7F95 /* MiniGraphicsTools.c */,
				3418AAE5141FFEEA002D5B0F /* Sensor.h */,
				3418AAE6141FFEEA002D5B0F /* Sensor.m */,
				3418AAD7141FFED5002D5B0F /* Resolvers.h */,
				3418AAD8141FFED5002D5B0F /* Resolvers.c */,
				3418AAD2141FFEC0002D5B0F /* FrameCounter.h */,
				3418AAD3141FFEC0002D5B0F /* FrameCounter.m */,
				3418AACB141FFE9B002D5B0F /* AGC.h */,
				3418AACC141FFE9B002D5B0F /* AGC.m */,
				3418AAC4141FFE86002D5B0F /* Histogram.h */,
				3418AAC5141FFE86002D5B0F /* Histogram.m */,
				3418AABD141FFE51002D5B0F /* LookUpTable.h */,
				3418AABE141FFE51002D5B0F /* LookUpTable.m */,
				3418AAAD141FFD46002D5B0F /* ControllerInterface.h */,
				3418AAB6141FFDD5002D5B0F /* BayerConverter.h */,
				3418AAB7141FFDD5002D5B0F /* BayerConverter.m */,
				3418AAAE141FFD46002D5B0F /* ControllerInterface.m */,
				3418AA97141FFCD7002D5B0F /* MiscTools.h */,
				3418AA98141FFCD7002D5B0F /* MiscTools.c */,
				3418AA7F141FFB8D002D5B0F /* GenericDriver.h */,
				3418AA80141FFB8D002D5B0F /* GenericDriver.m */,
				3418AA7C141FFB82002D5B0F /* OV534Driver.h */,
				3418AA7D141FFB82002D5B0F /* OV534Driver.m */,
				3418AA61141FFB03002D5B0F /* MyCameraDriver.h */,
				3418AA62141FFB03002D5B0F /* MyCameraDriver.m */,
				3418AA63141FFB03002D5B0F /* MyCameraInfo.h */,
				3418AA64141FFB03002D5B0F /* MyCameraInfo.m */,
				3418AA60141FFAEB002D5B0F /* GlobalDefs.h */,
				3418AA58141FFA49002D5B0F /* MyCameraCentral.h */,
				3418AA59141FFA49002D5B0F /* MyCameraCentral.m */,
			);
			name = macam;
			sourceTree = "<group>";
		};
/* End PBXGroup section */

/* Begin PBXNativeTarget section */
		8D1107260486CEB800E47090 /* PS3EyeWindow */ = {
			isa = PBXNativeTarget;
			buildConfigurationList = C01FCF4A08A954540054247B /* Build configuration list for PBXNativeTarget "PS3EyeWindow" */;
			buildPhases = (
				8D1107290486CEB800E47090 /* Resources */,
				8D11072C0486CEB800E47090 /* Sources */,
				8D11072E0486CEB800E47090 /* Frameworks */,
			);
			buildRules = (
			);
			dependencies = (
			);
			name = PS3EyeWindow;
			productInstallPath = "$(HOME)/Applications";
			productName = PS3EyeWindow;
			productReference = 8D1107320486CEB800E47090 /* PS3EyeWindow.app */;
			productType = "com.apple.product-type.application";
		};
/* End PBXNativeTarget section */

/* Begin PBXProject section */
		29B97313FDCFA39411CA2CEA /* Project object */ = {
			isa = PBXProject;
			buildConfigurationList = C01FCF4E08A954540054247B /* Build configuration list for PBXProject "PS3EyeWindow" */;
			compatibilityVersion = "Xcode 3.1";
			developmentRegion = English;
			hasScannedForEncodings = 1;
			knownRegions = (
				English,
				Japanese,
				French,
				German,
			);
			mainGroup = 29B97314FDCFA39411CA2CEA /* PS3EyeWindow */;
			projectDirPath = "";
			projectRoot = "";
			targets = (
				8D1107260486CEB800E47090 /* PS3EyeWindow */,
			);
		};
/* End PBXProject section */

/* Begin PBXResourcesBuildPhase section */
		8D1107290486CEB800E47090 /* Resources */ = {
			isa = PBXResourcesBuildPhase;
			buildActionMask = 2147483647;
			files = (
				8D11072B0486CEB800E47090 /* InfoPlist.strings in Resources */,
				1DDD58160DA1D0A300B32029 /* MainMenu.xib in Resources */,
			);
			runOnlyForDeploymentPostprocessing = 0;
		};
/* End PBXResourcesBuildPhase section */

/* Begin PBXSourcesBuildPhase section */
		8D11072C0486CEB800E47090 /* Sources */ = {
			isa = PBXSourcesBuildPhase;
			buildActionMask = 2147483647;
			files = (
				8D11072D0486CEB800E47090 /* main.m in Sources */,
				256AC3DA0F4B6AC300CF3369 /* PS3EyeWindowAppDelegate.m in Sources */,
				3418AA5A141FFA49002D5B0F /* MyCameraCentral.m in Sources */,
				3418AA65141FFB03002D5B0F /* MyCameraDriver.m in Sources */,
				3418AA66141FFB03002D5B0F /* MyCameraInfo.m in Sources */,
				3418AA7E141FFB82002D5B0F /* OV534Driver.m in Sources */,
				3418AA81141FFB8D002D5B0F /* GenericDriver.m in Sources */,
				3418AA99141FFCD7002D5B0F /* MiscTools.c in Sources */,
				3418AAAF141FFD46002D5B0F /* ControllerInterface.m in Sources */,
				3418AAB8141FFDD5002D5B0F /* BayerConverter.m in Sources */,
				3418AABF141FFE51002D5B0F /* LookUpTable.m in Sources */,
				3418AAC6141FFE86002D5B0F /* Histogram.m in Sources */,
				3418AACD141FFE9B002D5B0F /* AGC.m in Sources */,
				3418AAD4141FFEC0002D5B0F /* FrameCounter.m in Sources */,
				3418AAD9141FFED5002D5B0F /* Resolvers.c in Sources */,
				3418AAE7141FFEEA002D5B0F /* Sensor.m in Sources */,
				03E5AB5B1420467D003A7F95 /* MiniGraphicsTools.c in Sources */,
			);
			runOnlyForDeploymentPostprocessing = 0;
		};
/* End PBXSourcesBuildPhase section */

/* Begin PBXVariantGroup section */
		089C165CFE840E0CC02AAC07 /* InfoPlist.strings */ = {
			isa = PBXVariantGroup;
			children = (
				089C165DFE840E0CC02AAC07 /* English */,
			);
			name = InfoPlist.strings;
			sourceTree = "<group>";
		};
		1DDD58140DA1D0A300B32029 /* MainMenu.xib */ = {
			isa = PBXVariantGroup;
			children = (
				1DDD58150DA1D0A300B32029 /* English */,
			);
			name = MainMenu.xib;
			sourceTree = "<group>";
		};
/* End PBXVariantGroup section */

/* Begin XCBuildConfiguration section */
		C01FCF4B08A954540054247B /* Debug */ = {
			isa = XCBuildConfiguration;
			buildSettings = {
				ALWAYS_SEARCH_USER_PATHS = NO;
				COPY_PHASE_STRIP = NO;
				GCC_DYNAMIC_NO_PIC = NO;
				GCC_ENABLE_FIX_AND_CONTINUE = YES;
				GCC_MODEL_TUNING = G5;
				GCC_OPTIMIZATION_LEVEL = 0;
				GCC_PRECOMPILE_PREFIX_HEADER = YES;
				GCC_PREFIX_HEADER = PS3EyeWindow_Prefix.pch;
				INFOPLIST_FILE = "PS3EyeWindow-Info.plist";
				INSTALL_PATH = "$(HOME)/Applications";
				PRODUCT_NAME = PS3EyeWindow;
			};
			name = Debug;
		};
		C01FCF4C08A954540054247B /* Release */ = {
			isa = XCBuildConfiguration;
			buildSettings = {
				ALWAYS_SEARCH_USER_PATHS = NO;
				DEBUG_INFORMATION_FORMAT = "dwarf-with-dsym";
				GCC_MODEL_TUNING = G5;
				GCC_PRECOMPILE_PREFIX_HEADER = YES;
				GCC_PREFIX_HEADER = PS3EyeWindow_Prefix.pch;
				INFOPLIST_FILE = "PS3EyeWindow-Info.plist";
				INSTALL_PATH = "$(HOME)/Applications";
				PRODUCT_NAME = PS3EyeWindow;
			};
			name = Release;
		};
		C01FCF4F08A954540054247B /* Debug */ = {
			isa = XCBuildConfiguration;
			buildSettings = {
				ARCHS = "$(ARCHS_STANDARD_32_BIT)";
				GCC_C_LANGUAGE_STANDARD = gnu99;
				GCC_OPTIMIZATION_LEVEL = 0;
				GCC_WARN_ABOUT_RETURN_TYPE = YES;
				GCC_WARN_UNUSED_VARIABLE = YES;
				ONLY_ACTIVE_ARCH = YES;
				PREBINDING = NO;
				SDKROOT = macosx10.6;
			};
			name = Debug;
		};
		C01FCF5008A954540054247B /* Release */ = {
			isa = XCBuildConfiguration;
			buildSettings = {
				ARCHS = "$(ARCHS_STANDARD_32_64_BIT)";
				GCC_C_LANGUAGE_STANDARD = gnu99;
				GCC_WARN_ABOUT_RETURN_TYPE = YES;
				GCC_WARN_UNUSED_VARIABLE = YES;
				PREBINDING = NO;
				SDKROOT = macosx10.6;
			};
			name = Release;
		};
/* End XCBuildConfiguration section */

/* Begin XCConfigurationList section */
		C01FCF4A08A954540054247B /* Build configuration list for PBXNativeTarget "PS3EyeWindow" */ = {
			isa = XCConfigurationList;
			buildConfigurations = (
				C01FCF4B08A954540054247B /* Debug */,
				C01FCF4C08A954540054247B /* Release */,
			);
			defaultConfigurationIsVisible = 0;
			defaultConfigurationName = Release;
		};
		C01FCF4E08A954540054247B /* Build configuration list for PBXProject "PS3EyeWindow" */ = {
			isa = XCConfigurationList;
			buildConfigurations = (
				C01FCF4F08A954540054247B /* Debug */,
				C01FCF5008A954540054247B /* Release */,
			);
			defaultConfigurationIsVisible = 0;
			defaultConfigurationName = Release;
		};
/* End XCConfigurationList section */
	};
	rootObject = 29B97313FDCFA39411CA2CEA /* Project object */;
}
